
Microsoft Visual Studio Solution File, Format Version 12.00
# Visual Studio Version 16
VisualStudioVersion = 16.0.29306.81
MinimumVisualStudioVersion = 10.0.40219.1
Project("{FAE04EC0-301F-11D3-BF4B-00C04F79EFBC}") = "Zork", "Zork\Zork.csproj", "{EC6C4DE1-17B9-4135-9104-085A6C63F46B}"
EndProject
Global
	GlobalSection(SolutionConfigurationPlatforms) = preSolution
		Debug|Any CPU = Debug|Any CPU
		Release|Any CPU = Release|Any CPU
	EndGlobalSection
	GlobalSection(ProjectConfigurationPlatforms) = postSolution
		{EC6C4DE1-17B9-4135-9104-085A6C63F46B}.Debug|Any CPU.ActiveCfg = Debug|Any CPU
		{EC6C4DE1-17B9-4135-9104-085A6C63F46B}.Debug|Any CPU.Build.0 = Debug|Any CPU
		{EC6C4DE1-17B9-4135-9104-085A6C63F46B}.Release|Any CPU.ActiveCfg = Release|Any CPU
		{EC6C4DE1-17B9-4135-9104-085A6C63F46B}.Release|Any CPU.Build.0 = Release|Any CPU
	EndGlobalSection
	GlobalSection(SolutionProperties) = preSolution
		HideSolutionNode = FALSE
	EndGlobalSection
	GlobalSection(ExtensibilityGlobals) = postSolution
		SolutionGuid = {BBE12135-C5E7-4836-A757-F297EF52E049}
	EndGlobalSection
EndGlobal
